{"1.2.0",
[{<<"cqerl">>,
  {git,"git://github.com/cqerl/cqerl.git",
       {ref,"8ae26d764fda006d32c0851540fc565c31f25eed"}},
  0},
 {<<"eblurhash">>,{pkg,<<"eblurhash">>,<<"1.2.1">>},0},
 {<<"eep">>,
  {git,"git://github.com/virtan/eep",
       {ref,"8f6e5e3ade0606390d928830db61350a5451dda8"}},
  0},
 {<<"eiconv">>,{pkg,<<"eiconv">>,<<"1.0.0">>},0},
 {<<"fs">>,{pkg,<<"fs">>,<<"6.1.1">>},1},
 {<<"gen_smtp">>,{pkg,<<"gen_smtp">>,<<"1.1.1">>},0},
 {<<"hut">>,{pkg,<<"hut">>,<<"1.3.0">>},1},
 {<<"lz4">>,{pkg,<<"lz4_erl">>,<<"0.2.4">>},1},
 {<<"png">>,{pkg,<<"png">>,<<"0.2.1">>},0},
 {<<"pot">>,{pkg,<<"pot">>,<<"1.0.2">>},0},
 {<<"quickrand">>,{pkg,<<"quickrand">>,<<"2.0.2">>},2},
 {<<"ranch">>,{pkg,<<"ranch">>,<<"2.1.0">>},1},
 {<<"re2">>,{pkg,<<"re2">>,<<"1.9.5">>},1},
 {<<"semver">>,{pkg,<<"semver_erl">>,<<"0.0.1">>},1},
 {<<"snappyer">>,{pkg,<<"snappyer">>,<<"1.2.8">>},1},
 {<<"sync">>,
  {git,"git://github.com/rustyio/sync.git",
       {ref,"7c9367e73b7dbb01a788f8d0120d747330112f6f"}},
  0},
 {<<"uuid">>,{pkg,<<"uuid_erl">>,<<"2.0.0">>},1}]}.
[
{pkg_hash,[
 {<<"eblurhash">>, <<"36B187459244F5374BB7F47FD0B3001EE3F74D72B18BB04B00CDB7080CDF70F2">>},
 {<<"eiconv">>, <<"EE1E47EE37799A05BEFF7A68D61F63CCCC93101833C4FB94B454C23B12A21629">>},
 {<<"fs">>, <<"9D147B944D60CFA48A349F12D06C8EE71128F610C90870BDF9A6773206452ED0">>},
 {<<"gen_smtp">>, <<"BF9303C31735100631B1D708D629E4C65944319D1143B5C9952054F4A1311D85">>},
 {<<"hut">>, <<"71F2F054E657C03F959CF1ACC43F436EA87580696528CA2A55C8AFB1B06C85E7">>},
 {<<"lz4">>, <<"FAFC1FA39ED1D034893316852DAEBEDD82F37DF478446224AC096490BE3B4A4D">>},
 {<<"png">>, <<"B25C17C8DCDC40096D46AE2D7C2777C63FEDE48FA8C8312CC708C88554049D3B">>},
 {<<"pot">>, <<"13ABB849139FDC04AB8154986ABBCB63BDEE5DE6ED2BA7E1713527E33DF923DD">>},
 {<<"quickrand">>, <<"1D73FAA52E0C149FCBC72A63C26135FF68BE8FA7870675C73645896788A7540C">>},
 {<<"ranch">>, <<"2261F9ED9574DCFCC444106B9F6DA155E6E540B2F82BA3D42B339B93673B72A3">>},
 {<<"re2">>, <<"3C419527FB2CC75EDA1657F04DC7E8CEA9864899B43FF6CC3250FA7525431E83">>},
 {<<"semver">>, <<"E1DC99FB20FF071B240A0280611FABA93EEB9C2ADFB02A15E20A06A9F13DFFF4">>},
 {<<"snappyer">>, <<"201CE9067A33C71A6A5087C0C3A49A010B17112D461E6DF696C722DCB6D0934A">>},
 {<<"uuid">>, <<"02C713FAC0E73E5F366CBA541216F1E956E2F00C91C7530D4B21DEC7D3ADA164">>}]},
{pkg_hash_ext,[
 {<<"eblurhash">>, <<"C0B168E734562F8EDF1F0ABF145B95F93E7657187E1BFAACC32A5714921E920B">>},
 {<<"eiconv">>, <<"8C80851DECF72FC4571A70278D7932E9A87437770322077ECF797533FBB792CD">>},
 {<<"fs">>, <<"EF94E95FFE79916860649FED80AC62B04C322B0BB70F5128144C026B4D171F8B">>},
 {<<"gen_smtp">>, <<"51BC50CC017EFD4A4248CBC39EA30FB60EFA7D4A49688986FAFAD84434FF9AB7">>},
 {<<"hut">>, <<"7E15D28555D8A1F2B5A3A931EC120AF0753E4853A4C66053DB354F35BF9AB563">>},
 {<<"lz4">>, <<"E3EB9E2B5C1E4DAB39DB8FE0421E6FA10F9BF5843F20DAB43518F8AB8E812517">>},
 {<<"png">>, <<"279345E07108C604871A21F1C91F716810AB559AF2B20D6F302E0A98265EF72E">>},
 {<<"pot">>, <<"78FE127F5A4F5F919D6EA5A2A671827BD53EB9D37E5B4128C0AD3DF99856C2E0">>},
 {<<"quickrand">>, <<"E21C6C7F29CA995468662085CA54D7D09E861C180A9DFEC2CF4A2E75364A16D6">>},
 {<<"ranch">>, <<"244EE3FA2A6175270D8E1FC59024FD9DBC76294A321057DE8F803B1479E76916">>},
 {<<"re2">>, <<"4861336271AC565224E79E133CBAF90AF77739CDA3FFF25F6965B24A1146A4D6">>},
 {<<"semver">>, <<"ADF1CB935EEB2472B4B7BB8116C678C1077AE4CD5BDFE90010B765AECCE5753B">>},
 {<<"snappyer">>, <<"35518E79A28548B56D8FD6AEE2F565F12F51C2D3D053F9CFA817C83BE88C4F3D">>},
 {<<"uuid">>, <<"CE1C1ED1D786BA98F93204BE66F93A797504993954141122FCC5FE59B5331367">>}]}
].
