{"1.2.0",
[{<<"cqerl">>,
  {git,"git://github.com/cqerl/cqerl.git",
       {ref,"151dce97e209c87473fd7e941af070b566d168a9"}},
  0},
 {<<"eiconv">>,{pkg,<<"eiconv">>,<<"1.0.0">>},0},
 {<<"gen_smtp">>,{pkg,<<"gen_smtp">>,<<"1.1.1">>},0},
 {<<"hut">>,{pkg,<<"hut">>,<<"1.3.0">>},1},
 {<<"lz4">>,{pkg,<<"lz4_erl">>,<<"0.2.4">>},1},
 {<<"png">>,{pkg,<<"png">>,<<"0.2.1">>},0},
 {<<"pot">>,{pkg,<<"pot">>,<<"1.0.1">>},0},
 {<<"quickrand">>,{pkg,<<"quickrand">>,<<"2.0.1">>},2},
 {<<"ranch">>,{pkg,<<"ranch">>,<<"2.0.0">>},1},
 {<<"re2">>,{pkg,<<"re2">>,<<"1.9.5">>},1},
 {<<"semver">>,{pkg,<<"semver_erl">>,<<"0.0.1">>},1},
 {<<"snappyer">>,{pkg,<<"snappyer">>,<<"1.2.6">>},1},
 {<<"uuid">>,{pkg,<<"uuid_erl">>,<<"2.0.1">>},1}]}.
[
{pkg_hash,[
 {<<"eiconv">>, <<"EE1E47EE37799A05BEFF7A68D61F63CCCC93101833C4FB94B454C23B12A21629">>},
 {<<"gen_smtp">>, <<"BF9303C31735100631B1D708D629E4C65944319D1143B5C9952054F4A1311D85">>},
 {<<"hut">>, <<"71F2F054E657C03F959CF1ACC43F436EA87580696528CA2A55C8AFB1B06C85E7">>},
 {<<"lz4">>, <<"FAFC1FA39ED1D034893316852DAEBEDD82F37DF478446224AC096490BE3B4A4D">>},
 {<<"png">>, <<"B25C17C8DCDC40096D46AE2D7C2777C63FEDE48FA8C8312CC708C88554049D3B">>},
 {<<"pot">>, <<"81B511B1FA7C3123171C265CB7065A1528CEBD7277B0CBC94257C50A8B2E4C17">>},
 {<<"quickrand">>, <<"6D861FA11E6EB51BB2343A2616EFF704C2681A9997F41ABC78E58FA76DA33981">>},
 {<<"ranch">>, <<"FBF3D79661C071543256F9051CAF19D65DAA6DF1CF6824D8F37A49B19A66F703">>},
 {<<"re2">>, <<"3C419527FB2CC75EDA1657F04DC7E8CEA9864899B43FF6CC3250FA7525431E83">>},
 {<<"semver">>, <<"E1DC99FB20FF071B240A0280611FABA93EEB9C2ADFB02A15E20A06A9F13DFFF4">>},
 {<<"snappyer">>, <<"34181E3233F68A92044E176FE96E54FEE7957ACC2BE554F0460D799C495166C2">>},
 {<<"uuid">>, <<"1FD9079C544D521063897887A1C5B3302DCA98F9BB06AADCDC6FB0663F256797">>}]},
{pkg_hash_ext,[
 {<<"eiconv">>, <<"8C80851DECF72FC4571A70278D7932E9A87437770322077ECF797533FBB792CD">>},
 {<<"gen_smtp">>, <<"51BC50CC017EFD4A4248CBC39EA30FB60EFA7D4A49688986FAFAD84434FF9AB7">>},
 {<<"hut">>, <<"7E15D28555D8A1F2B5A3A931EC120AF0753E4853A4C66053DB354F35BF9AB563">>},
 {<<"lz4">>, <<"E3EB9E2B5C1E4DAB39DB8FE0421E6FA10F9BF5843F20DAB43518F8AB8E812517">>},
 {<<"png">>, <<"279345E07108C604871A21F1C91F716810AB559AF2B20D6F302E0A98265EF72E">>},
 {<<"pot">>, <<"ED87F5976531D91528452FAA1138A5328DB7F9F20D8FEAAE15F5051F79BCFB6D">>},
 {<<"quickrand">>, <<"14DB67D4AEF6B8815810EC9F3CCEF5E324B73B56CAE3687F99D752B85BDD4C96">>},
 {<<"ranch">>, <<"C20A4840C7D6623C19812D3A7C828B2F1BD153EF0F124CB69C54FE51D8A42AE0">>},
 {<<"re2">>, <<"4861336271AC565224E79E133CBAF90AF77739CDA3FFF25F6965B24A1146A4D6">>},
 {<<"semver">>, <<"ADF1CB935EEB2472B4B7BB8116C678C1077AE4CD5BDFE90010B765AECCE5753B">>},
 {<<"snappyer">>, <<"D538D1E8892AF09DC8B2771B2652C9D70F009CD1556246B3E22706DF643F47B4">>},
 {<<"uuid">>, <<"AB57CACCD51F170011E5F444CE865F84B41605E483A9EFCC468C1AFAEC87553B">>}]}
].
