{"1.2.0",
[{<<"certifi">>,{pkg,<<"certifi">>,<<"2.5.1">>},2},
 {<<"cqerl">>,
  {git,"git://github.com/cqerl/cqerl.git",
       {ref,"8ae26d764fda006d32c0851540fc565c31f25eed"}},
  0},
 {<<"eblurhash">>,{pkg,<<"eblurhash">>,<<"1.2.0">>},0},
 {<<"eep">>,
  {git,"git://github.com/virtan/eep",
       {ref,"8f6e5e3ade0606390d928830db61350a5451dda8"}},
  0},
 {<<"eiconv">>,{pkg,<<"eiconv">>,<<"1.0.0">>},0},
 {<<"erlastic_search">>,{pkg,<<"erlastic_search">>,<<"1.5.0">>},0},
 {<<"gen_smtp">>,{pkg,<<"gen_smtp">>,<<"1.1.1">>},0},
 {<<"hackney">>,{pkg,<<"hackney">>,<<"1.15.2">>},1},
 {<<"hut">>,{pkg,<<"hut">>,<<"1.3.0">>},1},
 {<<"idna">>,{pkg,<<"idna">>,<<"6.0.0">>},2},
 {<<"jsx">>,{pkg,<<"jsx">>,<<"2.10.0">>},1},
 {<<"lz4">>,{pkg,<<"lz4_erl">>,<<"0.2.4">>},1},
 {<<"metrics">>,{pkg,<<"metrics">>,<<"1.0.1">>},2},
 {<<"mimerl">>,{pkg,<<"mimerl">>,<<"1.2.0">>},2},
 {<<"parse_trans">>,{pkg,<<"parse_trans">>,<<"3.4.0">>},3},
 {<<"png">>,{pkg,<<"png">>,<<"0.2.1">>},0},
 {<<"pot">>,{pkg,<<"pot">>,<<"1.0.1">>},0},
 {<<"quickrand">>,{pkg,<<"quickrand">>,<<"2.0.1">>},2},
 {<<"ranch">>,{pkg,<<"ranch">>,<<"2.0.0">>},1},
 {<<"re2">>,{pkg,<<"re2">>,<<"1.9.5">>},1},
 {<<"semver">>,{pkg,<<"semver_erl">>,<<"0.0.1">>},1},
 {<<"snappyer">>,{pkg,<<"snappyer">>,<<"1.2.8">>},1},
 {<<"ssl_verify_fun">>,{pkg,<<"ssl_verify_fun">>,<<"1.1.5">>},2},
 {<<"tirerl">>,{pkg,<<"tirerl">>,<<"1.2.0">>},0},
 {<<"unicode_util_compat">>,{pkg,<<"unicode_util_compat">>,<<"0.4.1">>},3},
 {<<"uuid">>,{pkg,<<"uuid_erl">>,<<"2.0.0">>},1}]}.
[
{pkg_hash,[
 {<<"certifi">>, <<"867CE347F7C7D78563450A18A6A28A8090331E77FA02380B4A21962A65D36EE5">>},
 {<<"eblurhash">>, <<"FF461979542FCB1BFD428AABA6EE56E544975F6D657AA3DFCF3E314B1D1C2517">>},
 {<<"eiconv">>, <<"EE1E47EE37799A05BEFF7A68D61F63CCCC93101833C4FB94B454C23B12A21629">>},
 {<<"erlastic_search">>, <<"813B452F740FC1C270A001B5DD945B62833803783A55D55F1FD17050A33A1D5A">>},
 {<<"gen_smtp">>, <<"BF9303C31735100631B1D708D629E4C65944319D1143B5C9952054F4A1311D85">>},
 {<<"hackney">>, <<"07E33C794F8F8964EE86CEBEC1A8ED88DB5070E52E904B8F12209773C1036085">>},
 {<<"hut">>, <<"71F2F054E657C03F959CF1ACC43F436EA87580696528CA2A55C8AFB1B06C85E7">>},
 {<<"idna">>, <<"689C46CBCDF3524C44D5F3DDE8001F364CD7608A99556D8FBD8239A5798D4C10">>},
 {<<"jsx">>, <<"77760560D6AC2B8C51FD4C980E9E19B784016AA70BE354CE746472C33BEB0B1C">>},
 {<<"lz4">>, <<"FAFC1FA39ED1D034893316852DAEBEDD82F37DF478446224AC096490BE3B4A4D">>},
 {<<"metrics">>, <<"25F094DEA2CDA98213CECC3AEFF09E940299D950904393B2A29D191C346A8486">>},
 {<<"mimerl">>, <<"67E2D3F571088D5CFD3E550C383094B47159F3EEE8FFA08E64106CDF5E981BE3">>},
 {<<"parse_trans">>, <<"BB87AC362A03CA674EBB7D9D498F45C03256ADED7214C9101F7035EF44B798C7">>},
 {<<"png">>, <<"B25C17C8DCDC40096D46AE2D7C2777C63FEDE48FA8C8312CC708C88554049D3B">>},
 {<<"pot">>, <<"81B511B1FA7C3123171C265CB7065A1528CEBD7277B0CBC94257C50A8B2E4C17">>},
 {<<"quickrand">>, <<"6D861FA11E6EB51BB2343A2616EFF704C2681A9997F41ABC78E58FA76DA33981">>},
 {<<"ranch">>, <<"FBF3D79661C071543256F9051CAF19D65DAA6DF1CF6824D8F37A49B19A66F703">>},
 {<<"re2">>, <<"3C419527FB2CC75EDA1657F04DC7E8CEA9864899B43FF6CC3250FA7525431E83">>},
 {<<"semver">>, <<"E1DC99FB20FF071B240A0280611FABA93EEB9C2ADFB02A15E20A06A9F13DFFF4">>},
 {<<"snappyer">>, <<"201CE9067A33C71A6A5087C0C3A49A010B17112D461E6DF696C722DCB6D0934A">>},
 {<<"ssl_verify_fun">>, <<"6EAF7AD16CB568BB01753DBBD7A95FF8B91C7979482B95F38443FE2C8852A79B">>},
 {<<"tirerl">>, <<"A75D7A8EBC719C0AD2D19EE6E214D5FD7BE6C4878468C3D4D604FFDD426E8510">>},
 {<<"unicode_util_compat">>, <<"D869E4C68901DD9531385BB0C8C40444EBF624E60B6962D95952775CAC5E90CD">>},
 {<<"uuid">>, <<"02C713FAC0E73E5F366CBA541216F1E956E2F00C91C7530D4B21DEC7D3ADA164">>}]},
{pkg_hash_ext,[
 {<<"certifi">>, <<"805ABD97539CAF89EC6D4732C91E62BA9DA0CDA51AC462380BBD28EE697A8C42">>},
 {<<"eblurhash">>, <<"8FA6B740F1630ADC0A3E425DBBB4FF92D036E62EB973E7A06676226137A10AA7">>},
 {<<"eiconv">>, <<"8C80851DECF72FC4571A70278D7932E9A87437770322077ECF797533FBB792CD">>},
 {<<"erlastic_search">>, <<"B5DF4B035EB63F346AE4E9BBCCDCE85813AE62C693A63FD608265BE681C84D97">>},
 {<<"gen_smtp">>, <<"51BC50CC017EFD4A4248CBC39EA30FB60EFA7D4A49688986FAFAD84434FF9AB7">>},
 {<<"hackney">>, <<"E0100F8EF7D1124222C11AD362C857D3DF7CB5F4204054F9F0F4A728666591FC">>},
 {<<"hut">>, <<"7E15D28555D8A1F2B5A3A931EC120AF0753E4853A4C66053DB354F35BF9AB563">>},
 {<<"idna">>, <<"4BDD305EB64E18B0273864920695CB18D7A2021F31A11B9C5FBCD9A253F936E2">>},
 {<<"jsx">>, <<"9A83E3704807298016968DB506F9FAD0F027DE37546EB838B3AE1064C3A0AD62">>},
 {<<"lz4">>, <<"E3EB9E2B5C1E4DAB39DB8FE0421E6FA10F9BF5843F20DAB43518F8AB8E812517">>},
 {<<"metrics">>, <<"69B09ADDDC4F74A40716AE54D140F93BEB0FB8978D8636EADED0C31B6F099F16">>},
 {<<"mimerl">>, <<"F278585650AA581986264638EBF698F8BB19DF297F66AD91B18910DFC6E19323">>},
 {<<"parse_trans">>, <<"F99E368830BEA44552224E37E04943A54874F08B8590485DE8D13832B63A2DC3">>},
 {<<"png">>, <<"279345E07108C604871A21F1C91F716810AB559AF2B20D6F302E0A98265EF72E">>},
 {<<"pot">>, <<"ED87F5976531D91528452FAA1138A5328DB7F9F20D8FEAAE15F5051F79BCFB6D">>},
 {<<"quickrand">>, <<"14DB67D4AEF6B8815810EC9F3CCEF5E324B73B56CAE3687F99D752B85BDD4C96">>},
 {<<"ranch">>, <<"C20A4840C7D6623C19812D3A7C828B2F1BD153EF0F124CB69C54FE51D8A42AE0">>},
 {<<"re2">>, <<"4861336271AC565224E79E133CBAF90AF77739CDA3FFF25F6965B24A1146A4D6">>},
 {<<"semver">>, <<"ADF1CB935EEB2472B4B7BB8116C678C1077AE4CD5BDFE90010B765AECCE5753B">>},
 {<<"snappyer">>, <<"35518E79A28548B56D8FD6AEE2F565F12F51C2D3D053F9CFA817C83BE88C4F3D">>},
 {<<"ssl_verify_fun">>, <<"13104D7897E38ED7F044C4DE953A6C28597D1C952075EB2E328BC6D6F2BFC496">>},
 {<<"tirerl">>, <<"927993DC7FD13DCA30824725034903D82BD0B4B6C51F9753376A2B7BD0F35515">>},
 {<<"unicode_util_compat">>, <<"1D1848C40487CDB0B30E8ED975E34E025860C02E419CB615D255849F3427439D">>},
 {<<"uuid">>, <<"CE1C1ED1D786BA98F93204BE66F93A797504993954141122FCC5FE59B5331367">>}]}
].
